
Microsoft Visual Studio Solution File, Format Version 12.00
# Visual Studio Version 17
VisualStudioVersion = 17.9.34728.123
MinimumVisualStudioVersion = 10.0.40219.1
Project("{FAE04EC0-301F-11D3-BF4B-00C04F79EFBC}") = "Entrepreneur Management System", "Entrepreneur Management System\Entrepreneur Management System.csproj", "{4EC76D8A-86A4-46D0-ABB0-FFF877695AF2}"
EndProject
Global
	GlobalSection(SolutionConfigurationPlatforms) = preSolution
		Debug|Any CPU = Debug|Any CPU
		Release|Any CPU = Release|Any CPU
	EndGlobalSection
	GlobalSection(ProjectConfigurationPlatforms) = postSolution
		{4EC76D8A-86A4-46D0-ABB0-FFF877695AF2}.Debug|Any CPU.ActiveCfg = Debug|Any CPU
		{4EC76D8A-86A4-46D0-ABB0-FFF877695AF2}.Debug|Any CPU.Build.0 = Debug|Any CPU
		{4EC76D8A-86A4-46D0-ABB0-FFF877695AF2}.Release|Any CPU.ActiveCfg = Release|Any CPU
		{4EC76D8A-86A4-46D0-ABB0-FFF877695AF2}.Release|Any CPU.Build.0 = Release|Any CPU
	EndGlobalSection
	GlobalSection(SolutionProperties) = preSolution
		HideSolutionNode = FALSE
	EndGlobalSection
	GlobalSection(ExtensibilityGlobals) = postSolution
		SolutionGuid = {DA1582AD-E39F-49C1-94AC-D59684A3904C}
	EndGlobalSection
EndGlobal
